
Microsoft Visual Studio Solution File, Format Version 12.00
# Visual Studio Version 16
VisualStudioVersion = 16.0.30523.141
MinimumVisualStudioVersion = 10.0.40219.1
Project("{8BC9CEB8-8B4A-11D0-8D11-00A0C91BC942}") = "laba7,2", "laba7,2\laba7,2.vcxproj", "{2E6CA7DC-CC12-472E-9BE0-1687E786DF2C}"
EndProject
Project("{8BC9CEB8-8B4A-11D0-8D11-00A0C91BC942}") = "UnitTest1", "UnitTest1\UnitTest1.vcxproj", "{88696293-5430-4F8F-B356-58918477D672}"
EndProject
Global
	GlobalSection(SolutionConfigurationPlatforms) = preSolution
		Debug|x64 = Debug|x64
		Debug|x86 = Debug|x86
		Release|x64 = Release|x64
		Release|x86 = Release|x86
	EndGlobalSection
	GlobalSection(ProjectConfigurationPlatforms) = postSolution
		{2E6CA7DC-CC12-472E-9BE0-1687E786DF2C}.Debug|x64.ActiveCfg = Debug|x64
		{2E6CA7DC-CC12-472E-9BE0-1687E786DF2C}.Debug|x64.Build.0 = Debug|x64
		{2E6CA7DC-CC12-472E-9BE0-1687E786DF2C}.Debug|x86.ActiveCfg = Debug|Win32
		{2E6CA7DC-CC12-472E-9BE0-1687E786DF2C}.Debug|x86.Build.0 = Debug|Win32
		{2E6CA7DC-CC12-472E-9BE0-1687E786DF2C}.Release|x64.ActiveCfg = Release|x64
		{2E6CA7DC-CC12-472E-9BE0-1687E786DF2C}.Release|x64.Build.0 = Release|x64
		{2E6CA7DC-CC12-472E-9BE0-1687E786DF2C}.Release|x86.ActiveCfg = Release|Win32
		{2E6CA7DC-CC12-472E-9BE0-1687E786DF2C}.Release|x86.Build.0 = Release|Win32
		{88696293-5430-4F8F-B356-58918477D672}.Debug|x64.ActiveCfg = Debug|x64
		{88696293-5430-4F8F-B356-58918477D672}.Debug|x64.Build.0 = Debug|x64
		{88696293-5430-4F8F-B356-58918477D672}.Debug|x86.ActiveCfg = Debug|Win32
		{88696293-5430-4F8F-B356-58918477D672}.Debug|x86.Build.0 = Debug|Win32
		{88696293-5430-4F8F-B356-58918477D672}.Release|x64.ActiveCfg = Release|x64
		{88696293-5430-4F8F-B356-58918477D672}.Release|x64.Build.0 = Release|x64
		{88696293-5430-4F8F-B356-58918477D672}.Release|x86.ActiveCfg = Release|Win32
		{88696293-5430-4F8F-B356-58918477D672}.Release|x86.Build.0 = Release|Win32
	EndGlobalSection
	GlobalSection(SolutionProperties) = preSolution
		HideSolutionNode = FALSE
	EndGlobalSection
	GlobalSection(ExtensibilityGlobals) = postSolution
		SolutionGuid = {9608DF86-B9C7-4990-9404-D90C20F371CD}
	EndGlobalSection
EndGlobal
